# Generated by pub
# See http://pub.dartlang.org/doc/glossary.html#lockfile
packages:
  archive:
    description: archive
    source: hosted
    version: "1.0.6"
  args:
    description: args
    source: hosted
    version: "0.10.0+1"
  browser:
    description: browser
    source: hosted
    version: "0.9.0"
  chrome:
    description: chrome
    source: hosted
    version: "0.4.0"
  chrome_gen:
    description: chrome_gen
    source: hosted
    version: "0.3.1"
  collection:
    description: collection
    source: hosted
    version: "0.9.1"
  crc32:
    description: crc32
    source: hosted
    version: "0.1.4"
  crypto:
    description: crypto
    source: hosted
    version: "0.9.0"
  path:
    description: path
    source: hosted
    version: "1.0.0"
  stack_trace:
    description: stack_trace
    source: hosted
    version: "0.9.1"
  unittest:
    description: unittest
    source: hosted
    version: "0.9.2"
  utf:
    description: utf
    source: hosted
    version: "0.9.0"
